github.com/steve-care-software/databases v0.0.0-20230313190123-530a8a38c112 h1:4oNOz4UefdbDxikht3GA25M6cCP19t6BkOHj37m3y5g=
github.com/steve-care-software/databases v0.0.0-20230313190123-530a8a38c112/go.mod h1:Up2IfKgTJpVHXJAdwYQnDINIUj84xnmCLckHa40k4Jw=
github.com/steve-care-software/libs v0.0.0-20230312132714-485fdb38680d h1:LfO9I0ZWhA5XpfX0HTym2DCNmnjE4prtyaOi65Dy/jA=
github.com/steve-care-software/libs v0.0.0-20230312132714-485fdb38680d/go.mod h1:MF+XUhALBnkezlmXhGI5ZWB6rG5KE0LB8XhF+l/Bkk8=
